
Microsoft Visual Studio Solution File, Format Version 12.00
# Visual Studio Version 17
VisualStudioVersion = 17.5.002.0
MinimumVisualStudioVersion = 10.0.40219.1
Project("{9A19103F-16F7-4668-BE54-9A1E7A4F7556}") = "PC3", "PC3.csproj", "{F66ADD4F-2748-473D-9DF0-EDF07AA54CC6}"
EndProject
Global
	GlobalSection(SolutionConfigurationPlatforms) = preSolution
		Debug|Any CPU = Debug|Any CPU
		Release|Any CPU = Release|Any CPU
	EndGlobalSection
	GlobalSection(ProjectConfigurationPlatforms) = postSolution
		{F66ADD4F-2748-473D-9DF0-EDF07AA54CC6}.Debug|Any CPU.ActiveCfg = Debug|Any CPU
		{F66ADD4F-2748-473D-9DF0-EDF07AA54CC6}.Debug|Any CPU.Build.0 = Debug|Any CPU
		{F66ADD4F-2748-473D-9DF0-EDF07AA54CC6}.Release|Any CPU.ActiveCfg = Release|Any CPU
		{F66ADD4F-2748-473D-9DF0-EDF07AA54CC6}.Release|Any CPU.Build.0 = Release|Any CPU
	EndGlobalSection
	GlobalSection(SolutionProperties) = preSolution
		HideSolutionNode = FALSE
	EndGlobalSection
	GlobalSection(ExtensibilityGlobals) = postSolution
		SolutionGuid = {FC6F7A9B-DC87-4412-9892-925BAFD05628}
	EndGlobalSection
EndGlobal
